
Microsoft Visual Studio Solution File, Format Version 12.00
# Visual Studio Version 17
VisualStudioVersion = 17.14.36518.9 d17.14
MinimumVisualStudioVersion = 10.0.40219.1

Project("{2150E333-8FDC-42A3-9474-1A3956D46DE8}") = "Solution Items", "Solution Items", "{103810D5-691B-4C09-94A0-2F7DC4450B57}"
	ProjectSection(SolutionItems) = preProject
		.dockerignore = .dockerignore
		.editorconfig = .editorconfig
		.gitignore = .gitignore
		Directory.Build.props = Directory.Build.props
		Directory.Packages.props = Directory.Packages.props
	EndProjectSection
EndProject
Project("{2150E333-8FDC-42A3-9474-1A3956D46DE8}") = "src", "src", "{4F2AE9AD-6DB3-4DD3-9136-0C794DB27746}"
EndProject
Project("{54A90642-561A-4BB1-A94E-469ADEE60C69}") = "GetItDoneBro.FrontEnd", "src\frontend\GetItDoneBro.FrontEnd\GetItDoneBro.FrontEnd.esproj", "{9F9582E0-61FF-935D-4E04-489AC879D661}"
EndProject
Project("{FAE04EC0-301F-11D3-BF4B-00C04F79EFBC}") = "GetItDoneBro.Api", "src\backend\GetItDoneBro.Api\GetItDoneBro.Api.csproj", "{CF037E75-AD1A-45EB-0CE0-DB9B96691FDE}"
EndProject
Project("{2150E333-8FDC-42A3-9474-1A3956D46DE8}") = "aspire", "aspire", "{B7868369-6B46-4537-A7E8-3FBF9947AB39}"
	ProjectSection(SolutionItems) = preProject
		src\aspire\realms\api-realm.json = src\aspire\realms\api-realm.json
	EndProjectSection
EndProject
Project("{FAE04EC0-301F-11D3-BF4B-00C04F79EFBC}") = "GetItDoneBro.AppHost", "src\aspire\GetItDoneBro.AppHost\GetItDoneBro.AppHost.csproj", "{1FD13F8E-3879-4B03-923C-754804AF88B6}"
EndProject
Project("{FAE04EC0-301F-11D3-BF4B-00C04F79EFBC}") = "GetItDoneBro.ServiceDefaults", "src\aspire\GetItDoneBro.ServiceDefaults\GetItDoneBro.ServiceDefaults.csproj", "{93D61868-CACB-4DA4-086C-B29E2835D407}"
EndProject
Project("{2150E333-8FDC-42A3-9474-1A3956D46DE8}") = "tests", "tests", "{D9619BB5-9484-4F4A-82A1-5A946E970211}"
EndProject
Project("{FAE04EC0-301F-11D3-BF4B-00C04F79EFBC}") = "GetItDoneBro.Application", "src\backend\GetItDoneBro.Application\GetItDoneBro.Application.csproj", "{2A9983E4-A2D2-476F-9D34-323FCC717E97}"
EndProject
Project("{FAE04EC0-301F-11D3-BF4B-00C04F79EFBC}") = "GetItDoneBro.Domain", "src\backend\GetItDoneBro.Domain\GetItDoneBro.Domain.csproj", "{C50A31A8-F06B-4557-AA2A-E6EF3B74369A}"
EndProject
Project("{FAE04EC0-301F-11D3-BF4B-00C04F79EFBC}") = "GetItDoneBro.Infrastructure", "src\backend\GetItDoneBro.Infrastructure\GetItDoneBro.Infrastructure.csproj", "{21605E02-B850-452B-A8BA-611596D08D8C}"
EndProject
Project("{FAE04EC0-301F-11D3-BF4B-00C04F79EFBC}") = "ArchiectureTests", "tests\ArchiectureTests\ArchiectureTests.csproj", "{1E480F2D-5B57-4359-8BA9-329BF04716E6}"
EndProject
Project("{2150E333-8FDC-42A3-9474-1A3956D46DE8}") = "realms", "realms", "{7F7F1A5A-201C-4E4C-AAE4-ACE4E4E96C09}"
EndProject
Project("{2150E333-8FDC-42A3-9474-1A3956D46DE8}") = "backend", "backend", "{E411FA9E-BDEA-4E22-B242-89E35BBC189C}"
EndProject
Project("{2150E333-8FDC-42A3-9474-1A3956D46DE8}") = "frontend", "frontend", "{A7F25F24-EFF0-41DA-B7A3-5BB8AC30F16A}"
EndProject
Global
	GlobalSection(SolutionConfigurationPlatforms) = preSolution
		Debug|Any CPU = Debug|Any CPU
		Release|Any CPU = Release|Any CPU
	EndGlobalSection
	GlobalSection(ProjectConfigurationPlatforms) = postSolution
		{9F9582E0-61FF-935D-4E04-489AC879D661}.Debug|Any CPU.ActiveCfg = Debug|Any CPU
		{9F9582E0-61FF-935D-4E04-489AC879D661}.Debug|Any CPU.Build.0 = Debug|Any CPU
		{9F9582E0-61FF-935D-4E04-489AC879D661}.Release|Any CPU.ActiveCfg = Release|Any CPU
		{9F9582E0-61FF-935D-4E04-489AC879D661}.Release|Any CPU.Build.0 = Release|Any CPU
		{CF037E75-AD1A-45EB-0CE0-DB9B96691FDE}.Debug|Any CPU.ActiveCfg = Debug|Any CPU
		{CF037E75-AD1A-45EB-0CE0-DB9B96691FDE}.Debug|Any CPU.Build.0 = Debug|Any CPU
		{CF037E75-AD1A-45EB-0CE0-DB9B96691FDE}.Release|Any CPU.ActiveCfg = Release|Any CPU
		{CF037E75-AD1A-45EB-0CE0-DB9B96691FDE}.Release|Any CPU.Build.0 = Release|Any CPU
		{1FD13F8E-3879-4B03-923C-754804AF88B6}.Debug|Any CPU.ActiveCfg = Debug|Any CPU
		{1FD13F8E-3879-4B03-923C-754804AF88B6}.Debug|Any CPU.Build.0 = Debug|Any CPU
		{1FD13F8E-3879-4B03-923C-754804AF88B6}.Release|Any CPU.ActiveCfg = Release|Any CPU
		{1FD13F8E-3879-4B03-923C-754804AF88B6}.Release|Any CPU.Build.0 = Release|Any CPU
		{93D61868-CACB-4DA4-086C-B29E2835D407}.Debug|Any CPU.ActiveCfg = Debug|Any CPU
		{93D61868-CACB-4DA4-086C-B29E2835D407}.Debug|Any CPU.Build.0 = Debug|Any CPU
		{93D61868-CACB-4DA4-086C-B29E2835D407}.Release|Any CPU.ActiveCfg = Release|Any CPU
		{93D61868-CACB-4DA4-086C-B29E2835D407}.Release|Any CPU.Build.0 = Release|Any CPU
		{2A9983E4-A2D2-476F-9D34-323FCC717E97}.Debug|Any CPU.ActiveCfg = Debug|Any CPU
		{2A9983E4-A2D2-476F-9D34-323FCC717E97}.Debug|Any CPU.Build.0 = Debug|Any CPU
		{2A9983E4-A2D2-476F-9D34-323FCC717E97}.Release|Any CPU.ActiveCfg = Release|Any CPU
		{2A9983E4-A2D2-476F-9D34-323FCC717E97}.Release|Any CPU.Build.0 = Release|Any CPU
		{C50A31A8-F06B-4557-AA2A-E6EF3B74369A}.Debug|Any CPU.ActiveCfg = Debug|Any CPU
		{C50A31A8-F06B-4557-AA2A-E6EF3B74369A}.Debug|Any CPU.Build.0 = Debug|Any CPU
		{C50A31A8-F06B-4557-AA2A-E6EF3B74369A}.Release|Any CPU.ActiveCfg = Release|Any CPU
		{C50A31A8-F06B-4557-AA2A-E6EF3B74369A}.Release|Any CPU.Build.0 = Release|Any CPU
		{21605E02-B850-452B-A8BA-611596D08D8C}.Debug|Any CPU.ActiveCfg = Debug|Any CPU
		{21605E02-B850-452B-A8BA-611596D08D8C}.Debug|Any CPU.Build.0 = Debug|Any CPU
		{21605E02-B850-452B-A8BA-611596D08D8C}.Release|Any CPU.ActiveCfg = Release|Any CPU
		{21605E02-B850-452B-A8BA-611596D08D8C}.Release|Any CPU.Build.0 = Release|Any CPU
		{1E480F2D-5B57-4359-8BA9-329BF04716E6}.Debug|Any CPU.ActiveCfg = Debug|Any CPU
		{1E480F2D-5B57-4359-8BA9-329BF04716E6}.Debug|Any CPU.Build.0 = Debug|Any CPU
		{1E480F2D-5B57-4359-8BA9-329BF04716E6}.Release|Any CPU.ActiveCfg = Release|Any CPU
		{1E480F2D-5B57-4359-8BA9-329BF04716E6}.Release|Any CPU.Build.0 = Release|Any CPU
	EndGlobalSection
	GlobalSection(SolutionProperties) = preSolution
		HideSolutionNode = FALSE
	EndGlobalSection

	GlobalSection(NestedProjects) = preSolution
		{B7868369-6B46-4537-A7E8-3FBF9947AB39} = {4F2AE9AD-6DB3-4DD3-9136-0C794DB27746}
		{1FD13F8E-3879-4B03-923C-754804AF88B6} = {B7868369-6B46-4537-A7E8-3FBF9947AB39}
		{93D61868-CACB-4DA4-086C-B29E2835D407} = {B7868369-6B46-4537-A7E8-3FBF9947AB39}
		{1E480F2D-5B57-4359-8BA9-329BF04716E6} = {D9619BB5-9484-4F4A-82A1-5A946E970211}
		{7F7F1A5A-201C-4E4C-AAE4-ACE4E4E96C09} = {B7868369-6B46-4537-A7E8-3FBF9947AB39}
		{E411FA9E-BDEA-4E22-B242-89E35BBC189C} = {4F2AE9AD-6DB3-4DD3-9136-0C794DB27746}
		{CF037E75-AD1A-45EB-0CE0-DB9B96691FDE} = {E411FA9E-BDEA-4E22-B242-89E35BBC189C}
		{2A9983E4-A2D2-476F-9D34-323FCC717E97} = {E411FA9E-BDEA-4E22-B242-89E35BBC189C}
		{C50A31A8-F06B-4557-AA2A-E6EF3B74369A} = {E411FA9E-BDEA-4E22-B242-89E35BBC189C}
		{21605E02-B850-452B-A8BA-611596D08D8C} = {E411FA9E-BDEA-4E22-B242-89E35BBC189C}
		{A7F25F24-EFF0-41DA-B7A3-5BB8AC30F16A} = {4F2AE9AD-6DB3-4DD3-9136-0C794DB27746}
		{9F9582E0-61FF-935D-4E04-489AC879D661} = {A7F25F24-EFF0-41DA-B7A3-5BB8AC30F16A}
	EndGlobalSection
				GlobalSection(ExtensibilityGlobals) = postSolution
								SolutionGuid = {8D8C348D-5B39-4DB8-A474-578DB3AF9FF2}
				EndGlobalSection
EndGlobal
